// !$*UTF8*$!
{
	archiveVersion = 1;
	classes = {
	};
	objectVersion = 46;
	objects = {

/* Begin PBXBuildFile section */
		A7500C601ED5FBCE0014D556 /* UIVIew_AnchorUtility_Extension.swift in Sources */ = {isa = PBXBuildFile; fileRef = A7500C5F1ED5FBCE0014D556 /* UIVIew_AnchorUtility_Extension.swift */; };
		A7500C621ED5FBD50014D556 /* UIColor_Extension.swift in Sources */ = {isa = PBXBuildFile; fileRef = A7500C611ED5FBD50014D556 /* UIColor_Extension.swift */; };
		A7500C641ED600960014D556 /* Constants.swift in Sources */ = {isa = PBXBuildFile; fileRef = A7500C631ED600960014D556 /* Constants.swift */; };
		A7EE0A9F1ED361E900B09615 /* AppDelegate.swift in Sources */ = {isa = PBXBuildFile; fileRef = A7EE0A9E1ED361E900B09615 /* AppDelegate.swift */; };
		A7EE0AA41ED361E900B09615 /* Main.storyboard in Resources */ = {isa = PBXBuildFile; fileRef = A7EE0AA21ED361E900B09615 /* Main.storyboard */; };
		A7EE0AA71ED361E900B09615 /* PersonalFavs.xcdatamodeld in Sources */ = {isa = PBXBuildFile; fileRef = A7EE0AA51ED361E900B09615 /* PersonalFavs.xcdatamodeld */; };
		A7EE0AA91ED361E900B09615 /* Assets.xcassets in Resources */ = {isa = PBXBuildFile; fileRef = A7EE0AA81ED361E900B09615 /* Assets.xcassets */; };
		A7EE0AAC1ED361E900B09615 /* LaunchScreen.storyboard in Resources */ = {isa = PBXBuildFile; fileRef = A7EE0AAA1ED361E900B09615 /* LaunchScreen.storyboard */; };
		A7EE0AB71ED361E900B09615 /* PersonalFavsTests.swift in Sources */ = {isa = PBXBuildFile; fileRef = A7EE0AB61ED361E900B09615 /* PersonalFavsTests.swift */; };
		A7EE0AC21ED361E900B09615 /* PersonalFavsUITests.swift in Sources */ = {isa = PBXBuildFile; fileRef = A7EE0AC11ED361E900B09615 /* PersonalFavsUITests.swift */; };
		A7EE0ADF1ED3633900B09615 /* HomeCollectionViewController.swift in Sources */ = {isa = PBXBuildFile; fileRef = A7EE0ADE1ED3633900B09615 /* HomeCollectionViewController.swift */; };
		A7EE0AE11ED376D400B09615 /* HomePersonalFavVCCollectionViewCell.swift in Sources */ = {isa = PBXBuildFile; fileRef = A7EE0AE01ED376D400B09615 /* HomePersonalFavVCCollectionViewCell.swift */; };
/* End PBXBuildFile section */

/* Begin PBXContainerItemProxy section */
		A7EE0AB31ED361E900B09615 /* PBXContainerItemProxy */ = {
			isa = PBXContainerItemProxy;
			containerPortal = A7EE0A931ED361E800B09615 /* Project object */;
			proxyType = 1;
			remoteGlobalIDString = A7EE0A9A1ED361E800B09615;
			remoteInfo = PersonalFavs;
		};
		A7EE0ABE1ED361E900B09615 /* PBXContainerItemProxy */ = {
			isa = PBXContainerItemProxy;
			containerPortal = A7EE0A931ED361E800B09615 /* Project object */;
			proxyType = 1;
			remoteGlobalIDString = A7EE0A9A1ED361E800B09615;
			remoteInfo = PersonalFavs;
		};
/* End PBXContainerItemProxy section */

/* Begin PBXFileReference section */
		A7500C5F1ED5FBCE0014D556 /* UIVIew_AnchorUtility_Extension.swift */ = {isa = PBXFileReference; fileEncoding = 4; lastKnownFileType = sourcecode.swift; path = UIVIew_AnchorUtility_Extension.swift; sourceTree = "<group>"; };
		A7500C611ED5FBD50014D556 /* UIColor_Extension.swift */ = {isa = PBXFileReference; fileEncoding = 4; lastKnownFileType = sourcecode.swift; path = UIColor_Extension.swift; sourceTree = "<group>"; };
		A7500C631ED600960014D556 /* Constants.swift */ = {isa = PBXFileReference; fileEncoding = 4; lastKnownFileType = sourcecode.swift; path = Constants.swift; sourceTree = "<group>"; };
		A7EE0A9B1ED361E900B09615 /* PersonalFavs.app */ = {isa = PBXFileReference; explicitFileType = wrapper.application; includeInIndex = 0; path = PersonalFavs.app; sourceTree = BUILT_PRODUCTS_DIR; };
		A7EE0A9E1ED361E900B09615 /* AppDelegate.swift */ = {isa = PBXFileReference; lastKnownFileType = sourcecode.swift; path = AppDelegate.swift; sourceTree = "<group>"; };
		A7EE0AA31ED361E900B09615 /* Base */ = {isa = PBXFileReference; lastKnownFileType = file.storyboard; name = Base; path = Base.lproj/Main.storyboard; sourceTree = "<group>"; };
		A7EE0AA61ED361E900B09615 /* PersonalFavs.xcdatamodel */ = {isa = PBXFileReference; lastKnownFileType = wrapper.xcdatamodel; path = PersonalFavs.xcdatamodel; sourceTree = "<group>"; };
		A7EE0AA81ED361E900B09615 /* Assets.xcassets */ = {isa = PBXFileReference; lastKnownFileType = folder.assetcatalog; name = Assets.xcassets; path = ../../Assets.xcassets; sourceTree = "<group>"; };
		A7EE0AAB1ED361E900B09615 /* Base */ = {isa = PBXFileReference; lastKnownFileType = file.storyboard; name = Base; path = Base.lproj/LaunchScreen.storyboard; sourceTree = "<group>"; };
		A7EE0AAD1ED361E900B09615 /* Info.plist */ = {isa = PBXFileReference; lastKnownFileType = text.plist.xml; name = Info.plist; path = ../../Info.plist; sourceTree = "<group>"; };
		A7EE0AB21ED361E900B09615 /* PersonalFavsTests.xctest */ = {isa = PBXFileReference; explicitFileType = wrapper.cfbundle; includeInIndex = 0; path = PersonalFavsTests.xctest; sourceTree = BUILT_PRODUCTS_DIR; };
		A7EE0AB61ED361E900B09615 /* PersonalFavsTests.swift */ = {isa = PBXFileReference; lastKnownFileType = sourcecode.swift; path = PersonalFavsTests.swift; sourceTree = "<group>"; };
		A7EE0AB81ED361E900B09615 /* Info.plist */ = {isa = PBXFileReference; lastKnownFileType = text.plist.xml; path = Info.plist; sourceTree = "<group>"; };
		A7EE0ABD1ED361E900B09615 /* PersonalFavsUITests.xctest */ = {isa = PBXFileReference; explicitFileType = wrapper.cfbundle; includeInIndex = 0; path = PersonalFavsUITests.xctest; sourceTree = BUILT_PRODUCTS_DIR; };
		A7EE0AC11ED361E900B09615 /* PersonalFavsUITests.swift */ = {isa = PBXFileReference; lastKnownFileType = sourcecode.swift; path = PersonalFavsUITests.swift; sourceTree = "<group>"; };
		A7EE0AC31ED361E900B09615 /* Info.plist */ = {isa = PBXFileReference; lastKnownFileType = text.plist.xml; path = Info.plist; sourceTree = "<group>"; };
		A7EE0ADE1ED3633900B09615 /* HomeCollectionViewController.swift */ = {isa = PBXFileReference; fileEncoding = 4; lastKnownFileType = sourcecode.swift; path = HomeCollectionViewController.swift; sourceTree = "<group>"; };
		A7EE0AE01ED376D400B09615 /* HomePersonalFavVCCollectionViewCell.swift */ = {isa = PBXFileReference; fileEncoding = 4; lastKnownFileType = sourcecode.swift; path = HomePersonalFavVCCollectionViewCell.swift; sourceTree = "<group>"; };
/* End PBXFileReference section */

/* Begin PBXFrameworksBuildPhase section */
		A7EE0A981ED361E800B09615 /* Frameworks */ = {
			isa = PBXFrameworksBuildPhase;
			buildActionMask = 2147483647;
			files = (
			);
			runOnlyForDeploymentPostprocessing = 0;
		};
		A7EE0AAF1ED361E900B09615 /* Frameworks */ = {
			isa = PBXFrameworksBuildPhase;
			buildActionMask = 2147483647;
			files = (
			);
			runOnlyForDeploymentPostprocessing = 0;
		};
		A7EE0ABA1ED361E900B09615 /* Frameworks */ = {
			isa = PBXFrameworksBuildPhase;
			buildActionMask = 2147483647;
			files = (
			);
			runOnlyForDeploymentPostprocessing = 0;
		};
/* End PBXFrameworksBuildPhase section */

/* Begin PBXGroup section */
		A7EE0A921ED361E800B09615 = {
			isa = PBXGroup;
			children = (
				A7EE0A9D1ED361E900B09615 /* PersonalFavs */,
				A7EE0AB51ED361E900B09615 /* PersonalFavsTests */,
				A7EE0AC01ED361E900B09615 /* PersonalFavsUITests */,
				A7EE0A9C1ED361E900B09615 /* Products */,
			);
			sourceTree = "<group>";
		};
		A7EE0A9C1ED361E900B09615 /* Products */ = {
			isa = PBXGroup;
			children = (
				A7EE0A9B1ED361E900B09615 /* PersonalFavs.app */,
				A7EE0AB21ED361E900B09615 /* PersonalFavsTests.xctest */,
				A7EE0ABD1ED361E900B09615 /* PersonalFavsUITests.xctest */,
			);
			name = Products;
			sourceTree = "<group>";
		};
		A7EE0A9D1ED361E900B09615 /* PersonalFavs */ = {
			isa = PBXGroup;
			children = (
				A7EE0A9E1ED361E900B09615 /* AppDelegate.swift */,
				A7EE0ACF1ED3627B00B09615 /* Classes */,
				A7EE0AD51ED3627B00B09615 /* Resources */,
			);
			path = PersonalFavs;
			sourceTree = "<group>";
		};
		A7EE0AB51ED361E900B09615 /* PersonalFavsTests */ = {
			isa = PBXGroup;
			children = (
				A7EE0AB61ED361E900B09615 /* PersonalFavsTests.swift */,
				A7EE0AB81ED361E900B09615 /* Info.plist */,
			);
			path = PersonalFavsTests;
			sourceTree = "<group>";
		};
		A7EE0AC01ED361E900B09615 /* PersonalFavsUITests */ = {
			isa = PBXGroup;
			children = (
				A7EE0AC11ED361E900B09615 /* PersonalFavsUITests.swift */,
				A7EE0AC31ED361E900B09615 /* Info.plist */,
			);
			path = PersonalFavsUITests;
			sourceTree = "<group>";
		};
		A7EE0ACF1ED3627B00B09615 /* Classes */ = {
			isa = PBXGroup;
			children = (
				A7EE0AD01ED3627B00B09615 /* APIs */,
				A7EE0AD11ED3627B00B09615 /* Controllers */,
				A7EE0AD41ED3627B00B09615 /* Views */,
				A7EE0AD31ED3627B00B09615 /* Models */,
				A7EE0AD21ED3627B00B09615 /* Extensions */,
			);
			path = Classes;
			sourceTree = "<group>";
		};
		A7EE0AD01ED3627B00B09615 /* APIs */ = {
			isa = PBXGroup;
			children = (
				A7500C631ED600960014D556 /* Constants.swift */,
			);
			path = APIs;
			sourceTree = "<group>";
		};
		A7EE0AD11ED3627B00B09615 /* Controllers */ = {
			isa = PBXGroup;
			children = (
				A7EE0ADE1ED3633900B09615 /* HomeCollectionViewController.swift */,
			);
			path = Controllers;
			sourceTree = "<group>";
		};
		A7EE0AD21ED3627B00B09615 /* Extensions */ = {
			isa = PBXGroup;
			children = (
				A7500C611ED5FBD50014D556 /* UIColor_Extension.swift */,
				A7500C5F1ED5FBCE0014D556 /* UIVIew_AnchorUtility_Extension.swift */,
			);
			path = Extensions;
			sourceTree = "<group>";
		};
		A7EE0AD31ED3627B00B09615 /* Models */ = {
			isa = PBXGroup;
			children = (
				A7EE0AA51ED361E900B09615 /* PersonalFavs.xcdatamodeld */,
			);
			path = Models;
			sourceTree = "<group>";
		};
		A7EE0AD41ED3627B00B09615 /* Views */ = {
			isa = PBXGroup;
			children = (
				A7EE0AE01ED376D400B09615 /* HomePersonalFavVCCollectionViewCell.swift */,
			);
			path = Views;
			sourceTree = "<group>";
		};
		A7EE0AD51ED3627B00B09615 /* Resources */ = {
			isa = PBXGroup;
			children = (
				A7EE0AD61ED3627B00B09615 /* MediaAssets */,
				A7EE0ADB1ED3627B00B09615 /* Plists */,
				A7EE0ADC1ED3627B00B09615 /* Storyboards */,
				A7EE0ADD1ED3627B00B09615 /* XIBs */,
			);
			path = Resources;
			sourceTree = "<group>";
		};
		A7EE0AD61ED3627B00B09615 /* MediaAssets */ = {
			isa = PBXGroup;
			children = (
				A7EE0AA81ED361E900B09615 /* Assets.xcassets */,
				A7EE0AD71ED3627B00B09615 /* Icons */,
				A7EE0AD81ED3627B00B09615 /* Images */,
				A7EE0AD91ED3627B00B09615 /* Sounds */,
				A7EE0ADA1ED3627B00B09615 /* Sprites */,
			);
			path = MediaAssets;
			sourceTree = "<group>";
		};
		A7EE0AD71ED3627B00B09615 /* Icons */ = {
			isa = PBXGroup;
			children = (
			);
			path = Icons;
			sourceTree = "<group>";
		};
		A7EE0AD81ED3627B00B09615 /* Images */ = {
			isa = PBXGroup;
			children = (
			);
			path = Images;
			sourceTree = "<group>";
		};
		A7EE0AD91ED3627B00B09615 /* Sounds */ = {
			isa = PBXGroup;
			children = (
			);
			path = Sounds;
			sourceTree = "<group>";
		};
		A7EE0ADA1ED3627B00B09615 /* Sprites */ = {
			isa = PBXGroup;
			children = (
			);
			path = Sprites;
			sourceTree = "<group>";
		};
		A7EE0ADB1ED3627B00B09615 /* Plists */ = {
			isa = PBXGroup;
			children = (
				A7EE0AAD1ED361E900B09615 /* Info.plist */,
			);
			path = Plists;
			sourceTree = "<group>";
		};
		A7EE0ADC1ED3627B00B09615 /* Storyboards */ = {
			isa = PBXGroup;
			children = (
				A7EE0AA21ED361E900B09615 /* Main.storyboard */,
				A7EE0AAA1ED361E900B09615 /* LaunchScreen.storyboard */,
			);
			path = Storyboards;
			sourceTree = "<group>";
		};
		A7EE0ADD1ED3627B00B09615 /* XIBs */ = {
			isa = PBXGroup;
			children = (
			);
			path = XIBs;
			sourceTree = "<group>";
		};
/* End PBXGroup section */

/* Begin PBXNativeTarget section */
		A7EE0A9A1ED361E800B09615 /* PersonalFavs */ = {
			isa = PBXNativeTarget;
			buildConfigurationList = A7EE0AC61ED361E900B09615 /* Build configuration list for PBXNativeTarget "PersonalFavs" */;
			buildPhases = (
				A7EE0A971ED361E800B09615 /* Sources */,
				A7EE0A981ED361E800B09615 /* Frameworks */,
				A7EE0A991ED361E800B09615 /* Resources */,
			);
			buildRules = (
			);
			dependencies = (
			);
			name = PersonalFavs;
			productName = PersonalFavs;
			productReference = A7EE0A9B1ED361E900B09615 /* PersonalFavs.app */;
			productType = "com.apple.product-type.application";
		};
		A7EE0AB11ED361E900B09615 /* PersonalFavsTests */ = {
			isa = PBXNativeTarget;
			buildConfigurationList = A7EE0AC91ED361E900B09615 /* Build configuration list for PBXNativeTarget "PersonalFavsTests" */;
			buildPhases = (
				A7EE0AAE1ED361E900B09615 /* Sources */,
				A7EE0AAF1ED361E900B09615 /* Frameworks */,
				A7EE0AB01ED361E900B09615 /* Resources */,
			);
			buildRules = (
			);
			dependencies = (
				A7EE0AB41ED361E900B09615 /* PBXTargetDependency */,
			);
			name = PersonalFavsTests;
			productName = PersonalFavsTests;
			productReference = A7EE0AB21ED361E900B09615 /* PersonalFavsTests.xctest */;
			productType = "com.apple.product-type.bundle.unit-test";
		};
		A7EE0ABC1ED361E900B09615 /* PersonalFavsUITests */ = {
			isa = PBXNativeTarget;
			buildConfigurationList = A7EE0ACC1ED361E900B09615 /* Build configuration list for PBXNativeTarget "PersonalFavsUITests" */;
			buildPhases = (
				A7EE0AB91ED361E900B09615 /* Sources */,
				A7EE0ABA1ED361E900B09615 /* Frameworks */,
				A7EE0ABB1ED361E900B09615 /* Resources */,
			);
			buildRules = (
			);
			dependencies = (
				A7EE0ABF1ED361E900B09615 /* PBXTargetDependency */,
			);
			name = PersonalFavsUITests;
			productName = PersonalFavsUITests;
			productReference = A7EE0ABD1ED361E900B09615 /* PersonalFavsUITests.xctest */;
			productType = "com.apple.product-type.bundle.ui-testing";
		};
/* End PBXNativeTarget section */

/* Begin PBXProject section */
		A7EE0A931ED361E800B09615 /* Project object */ = {
			isa = PBXProject;
			attributes = {
				LastSwiftUpdateCheck = 0810;
				LastUpgradeCheck = 0810;
				ORGANIZATIONNAME = "David Oliver Barreto Rodríguez";
				TargetAttributes = {
					A7EE0A9A1ED361E800B09615 = {
						CreatedOnToolsVersion = 8.1;
						DevelopmentTeam = 83JFF66S9C;
						ProvisioningStyle = Automatic;
					};
					A7EE0AB11ED361E900B09615 = {
						CreatedOnToolsVersion = 8.1;
						ProvisioningStyle = Automatic;
						TestTargetID = A7EE0A9A1ED361E800B09615;
					};
					A7EE0ABC1ED361E900B09615 = {
						CreatedOnToolsVersion = 8.1;
						ProvisioningStyle = Automatic;
						TestTargetID = A7EE0A9A1ED361E800B09615;
					};
				};
			};
			buildConfigurationList = A7EE0A961ED361E800B09615 /* Build configuration list for PBXProject "PersonalFavs" */;
			compatibilityVersion = "Xcode 3.2";
			developmentRegion = English;
			hasScannedForEncodings = 0;
			knownRegions = (
				en,
				Base,
			);
			mainGroup = A7EE0A921ED361E800B09615;
			productRefGroup = A7EE0A9C1ED361E900B09615 /* Products */;
			projectDirPath = "";
			projectRoot = "";
			targets = (
				A7EE0A9A1ED361E800B09615 /* PersonalFavs */,
				A7EE0AB11ED361E900B09615 /* PersonalFavsTests */,
				A7EE0ABC1ED361E900B09615 /* PersonalFavsUITests */,
			);
		};
/* End PBXProject section */

/* Begin PBXResourcesBuildPhase section */
		A7EE0A991ED361E800B09615 /* Resources */ = {
			isa = PBXResourcesBuildPhase;
			buildActionMask = 2147483647;
			files = (
				A7EE0AAC1ED361E900B09615 /* LaunchScreen.storyboard in Resources */,
				A7EE0AA91ED361E900B09615 /* Assets.xcassets in Resources */,
				A7EE0AA41ED361E900B09615 /* Main.storyboard in Resources */,
			);
			runOnlyForDeploymentPostprocessing = 0;
		};
		A7EE0AB01ED361E900B09615 /* Resources */ = {
			isa = PBXResourcesBuildPhase;
			buildActionMask = 2147483647;
			files = (
			);
			runOnlyForDeploymentPostprocessing = 0;
		};
		A7EE0ABB1ED361E900B09615 /* Resources */ = {
			isa = PBXResourcesBuildPhase;
			buildActionMask = 2147483647;
			files = (
			);
			runOnlyForDeploymentPostprocessing = 0;
		};
/* End PBXResourcesBuildPhase section */

/* Begin PBXSourcesBuildPhase section */
		A7EE0A971ED361E800B09615 /* Sources */ = {
			isa = PBXSourcesBuildPhase;
			buildActionMask = 2147483647;
			files = (
				A7EE0ADF1ED3633900B09615 /* HomeCollectionViewController.swift in Sources */,
				A7EE0A9F1ED361E900B09615 /* AppDelegate.swift in Sources */,
				A7EE0AE11ED376D400B09615 /* HomePersonalFavVCCollectionViewCell.swift in Sources */,
				A7EE0AA71ED361E900B09615 /* PersonalFavs.xcdatamodeld in Sources */,
				A7500C641ED600960014D556 /* Constants.swift in Sources */,
				A7500C601ED5FBCE0014D556 /* UIVIew_AnchorUtility_Extension.swift in Sources */,
				A7500C621ED5FBD50014D556 /* UIColor_Extension.swift in Sources */,
			);
			runOnlyForDeploymentPostprocessing = 0;
		};
		A7EE0AAE1ED361E900B09615 /* Sources */ = {
			isa = PBXSourcesBuildPhase;
			buildActionMask = 2147483647;
			files = (
				A7EE0AB71ED361E900B09615 /* PersonalFavsTests.swift in Sources */,
			);
			runOnlyForDeploymentPostprocessing = 0;
		};
		A7EE0AB91ED361E900B09615 /* Sources */ = {
			isa = PBXSourcesBuildPhase;
			buildActionMask = 2147483647;
			files = (
				A7EE0AC21ED361E900B09615 /* PersonalFavsUITests.swift in Sources */,
			);
			runOnlyForDeploymentPostprocessing = 0;
		};
/* End PBXSourcesBuildPhase section */

/* Begin PBXTargetDependency section */
		A7EE0AB41ED361E900B09615 /* PBXTargetDependency */ = {
			isa = PBXTargetDependency;
			target = A7EE0A9A1ED361E800B09615 /* PersonalFavs */;
			targetProxy = A7EE0AB31ED361E900B09615 /* PBXContainerItemProxy */;
		};
		A7EE0ABF1ED361E900B09615 /* PBXTargetDependency */ = {
			isa = PBXTargetDependency;
			target = A7EE0A9A1ED361E800B09615 /* PersonalFavs */;
			targetProxy = A7EE0ABE1ED361E900B09615 /* PBXContainerItemProxy */;
		};
/* End PBXTargetDependency section */

/* Begin PBXVariantGroup section */
		A7EE0AA21ED361E900B09615 /* Main.storyboard */ = {
			isa = PBXVariantGroup;
			children = (
				A7EE0AA31ED361E900B09615 /* Base */,
			);
			name = Main.storyboard;
			path = ../..;
			sourceTree = "<group>";
		};
		A7EE0AAA1ED361E900B09615 /* LaunchScreen.storyboard */ = {
			isa = PBXVariantGroup;
			children = (
				A7EE0AAB1ED361E900B09615 /* Base */,
			);
			name = LaunchScreen.storyboard;
			path = ../..;
			sourceTree = "<group>";
		};
/* End PBXVariantGroup section */

/* Begin XCBuildConfiguration section */
		A7EE0AC41ED361E900B09615 /* Debug */ = {
			isa = XCBuildConfiguration;
			buildSettings = {
				ALWAYS_SEARCH_USER_PATHS = NO;
				CLANG_ANALYZER_NONNULL = YES;
				CLANG_CXX_LANGUAGE_STANDARD = "gnu++0x";
				CLANG_CXX_LIBRARY = "libc++";
				CLANG_ENABLE_MODULES = YES;
				CLANG_ENABLE_OBJC_ARC = YES;
				CLANG_WARN_BOOL_CONVERSION = YES;
				CLANG_WARN_CONSTANT_CONVERSION = YES;
				CLANG_WARN_DIRECT_OBJC_ISA_USAGE = YES_ERROR;
				CLANG_WARN_DOCUMENTATION_COMMENTS = YES;
				CLANG_WARN_EMPTY_BODY = YES;
				CLANG_WARN_ENUM_CONVERSION = YES;
				CLANG_WARN_INFINITE_RECURSION = YES;
				CLANG_WARN_INT_CONVERSION = YES;
				CLANG_WARN_OBJC_ROOT_CLASS = YES_ERROR;
				CLANG_WARN_SUSPICIOUS_MOVES = YES;
				CLANG_WARN_UNREACHABLE_CODE = YES;
				CLANG_WARN__DUPLICATE_METHOD_MATCH = YES;
				"CODE_SIGN_IDENTITY[sdk=iphoneos*]" = "iPhone Developer";
				COPY_PHASE_STRIP = NO;
				DEBUG_INFORMATION_FORMAT = dwarf;
				ENABLE_STRICT_OBJC_MSGSEND = YES;
				ENABLE_TESTABILITY = YES;
				GCC_C_LANGUAGE_STANDARD = gnu99;
				GCC_DYNAMIC_NO_PIC = NO;
				GCC_NO_COMMON_BLOCKS = YES;
				GCC_OPTIMIZATION_LEVEL = 0;
				GCC_PREPROCESSOR_DEFINITIONS = (
					"DEBUG=1",
					"$(inherited)",
				);
				GCC_WARN_64_TO_32_BIT_CONVERSION = YES;
				GCC_WARN_ABOUT_RETURN_TYPE = YES_ERROR;
				GCC_WARN_UNDECLARED_SELECTOR = YES;
				GCC_WARN_UNINITIALIZED_AUTOS = YES_AGGRESSIVE;
				GCC_WARN_UNUSED_FUNCTION = YES;
				GCC_WARN_UNUSED_VARIABLE = YES;
				IPHONEOS_DEPLOYMENT_TARGET = 10.1;
				MTL_ENABLE_DEBUG_INFO = YES;
				ONLY_ACTIVE_ARCH = YES;
				SDKROOT = iphoneos;
				SWIFT_ACTIVE_COMPILATION_CONDITIONS = DEBUG;
				SWIFT_OPTIMIZATION_LEVEL = "-Onone";
				TARGETED_DEVICE_FAMILY = "1,2";
			};
			name = Debug;
		};
		A7EE0AC51ED361E900B09615 /* Release */ = {
			isa = XCBuildConfiguration;
			buildSettings = {
				ALWAYS_SEARCH_USER_PATHS = NO;
				CLANG_ANALYZER_NONNULL = YES;
				CLANG_CXX_LANGUAGE_STANDARD = "gnu++0x";
				CLANG_CXX_LIBRARY = "libc++";
				CLANG_ENABLE_MODULES = YES;
				CLANG_ENABLE_OBJC_ARC = YES;
				CLANG_WARN_BOOL_CONVERSION = YES;
				CLANG_WARN_CONSTANT_CONVERSION = YES;
				CLANG_WARN_DIRECT_OBJC_ISA_USAGE = YES_ERROR;
				CLANG_WARN_DOCUMENTATION_COMMENTS = YES;
				CLANG_WARN_EMPTY_BODY = YES;
				CLANG_WARN_ENUM_CONVERSION = YES;
				CLANG_WARN_INFINITE_RECURSION = YES;
				CLANG_WARN_INT_CONVERSION = YES;
				CLANG_WARN_OBJC_ROOT_CLASS = YES_ERROR;
				CLANG_WARN_SUSPICIOUS_MOVES = YES;
				CLANG_WARN_UNREACHABLE_CODE = YES;
				CLANG_WARN__DUPLICATE_METHOD_MATCH = YES;
				"CODE_SIGN_IDENTITY[sdk=iphoneos*]" = "iPhone Developer";
				COPY_PHASE_STRIP = NO;
				DEBUG_INFORMATION_FORMAT = "dwarf-with-dsym";
				ENABLE_NS_ASSERTIONS = NO;
				ENABLE_STRICT_OBJC_MSGSEND = YES;
				GCC_C_LANGUAGE_STANDARD = gnu99;
				GCC_NO_COMMON_BLOCKS = YES;
				GCC_WARN_64_TO_32_BIT_CONVERSION = YES;
				GCC_WARN_ABOUT_RETURN_TYPE = YES_ERROR;
				GCC_WARN_UNDECLARED_SELECTOR = YES;
				GCC_WARN_UNINITIALIZED_AUTOS = YES_AGGRESSIVE;
				GCC_WARN_UNUSED_FUNCTION = YES;
				GCC_WARN_UNUSED_VARIABLE = YES;
				IPHONEOS_DEPLOYMENT_TARGET = 10.1;
				MTL_ENABLE_DEBUG_INFO = NO;
				SDKROOT = iphoneos;
				SWIFT_OPTIMIZATION_LEVEL = "-Owholemodule";
				TARGETED_DEVICE_FAMILY = "1,2";
				VALIDATE_PRODUCT = YES;
			};
			name = Release;
		};
		A7EE0AC71ED361E900B09615 /* Debug */ = {
			isa = XCBuildConfiguration;
			buildSettings = {
				ASSETCATALOG_COMPILER_APPICON_NAME = AppIcon;
				DEVELOPMENT_TEAM = 83JFF66S9C;
				INFOPLIST_FILE = PersonalFavs/Info.plist;
				LD_RUNPATH_SEARCH_PATHS = "$(inherited) @executable_path/Frameworks";
				PRODUCT_BUNDLE_IDENTIFIER = com.oliverbarreto.PersonalFavs;
				PRODUCT_NAME = "$(TARGET_NAME)";
				SWIFT_VERSION = 3.0;
			};
			name = Debug;
		};
		A7EE0AC81ED361E900B09615 /* Release */ = {
			isa = XCBuildConfiguration;
			buildSettings = {
				ASSETCATALOG_COMPILER_APPICON_NAME = AppIcon;
				DEVELOPMENT_TEAM = 83JFF66S9C;
				INFOPLIST_FILE = PersonalFavs/Info.plist;
				LD_RUNPATH_SEARCH_PATHS = "$(inherited) @executable_path/Frameworks";
				PRODUCT_BUNDLE_IDENTIFIER = com.oliverbarreto.PersonalFavs;
				PRODUCT_NAME = "$(TARGET_NAME)";
				SWIFT_VERSION = 3.0;
			};
			name = Release;
		};
		A7EE0ACA1ED361E900B09615 /* Debug */ = {
			isa = XCBuildConfiguration;
			buildSettings = {
				ALWAYS_EMBED_SWIFT_STANDARD_LIBRARIES = YES;
				BUNDLE_LOADER = "$(TEST_HOST)";
				INFOPLIST_FILE = PersonalFavsTests/Info.plist;
				LD_RUNPATH_SEARCH_PATHS = "$(inherited) @executable_path/Frameworks @loader_path/Frameworks";
				PRODUCT_BUNDLE_IDENTIFIER = com.oliverbarreto.PersonalFavsTests;
				PRODUCT_NAME = "$(TARGET_NAME)";
				SWIFT_VERSION = 3.0;
				TEST_HOST = "$(BUILT_PRODUCTS_DIR)/PersonalFavs.app/PersonalFavs";
			};
			name = Debug;
		};
		A7EE0ACB1ED361E900B09615 /* Release */ = {
			isa = XCBuildConfiguration;
			buildSettings = {
				ALWAYS_EMBED_SWIFT_STANDARD_LIBRARIES = YES;
				BUNDLE_LOADER = "$(TEST_HOST)";
				INFOPLIST_FILE = PersonalFavsTests/Info.plist;
				LD_RUNPATH_SEARCH_PATHS = "$(inherited) @executable_path/Frameworks @loader_path/Frameworks";
				PRODUCT_BUNDLE_IDENTIFIER = com.oliverbarreto.PersonalFavsTests;
				PRODUCT_NAME = "$(TARGET_NAME)";
				SWIFT_VERSION = 3.0;
				TEST_HOST = "$(BUILT_PRODUCTS_DIR)/PersonalFavs.app/PersonalFavs";
			};
			name = Release;
		};
		A7EE0ACD1ED361E900B09615 /* Debug */ = {
			isa = XCBuildConfiguration;
			buildSettings = {
				ALWAYS_EMBED_SWIFT_STANDARD_LIBRARIES = YES;
				INFOPLIST_FILE = PersonalFavsUITests/Info.plist;
				LD_RUNPATH_SEARCH_PATHS = "$(inherited) @executable_path/Frameworks @loader_path/Frameworks";
				PRODUCT_BUNDLE_IDENTIFIER = com.oliverbarreto.PersonalFavsUITests;
				PRODUCT_NAME = "$(TARGET_NAME)";
				SWIFT_VERSION = 3.0;
				TEST_TARGET_NAME = PersonalFavs;
			};
			name = Debug;
		};
		A7EE0ACE1ED361E900B09615 /* Release */ = {
			isa = XCBuildConfiguration;
			buildSettings = {
				ALWAYS_EMBED_SWIFT_STANDARD_LIBRARIES = YES;
				INFOPLIST_FILE = PersonalFavsUITests/Info.plist;
				LD_RUNPATH_SEARCH_PATHS = "$(inherited) @executable_path/Frameworks @loader_path/Frameworks";
				PRODUCT_BUNDLE_IDENTIFIER = com.oliverbarreto.PersonalFavsUITests;
				PRODUCT_NAME = "$(TARGET_NAME)";
				SWIFT_VERSION = 3.0;
				TEST_TARGET_NAME = PersonalFavs;
			};
			name = Release;
		};
/* End XCBuildConfiguration section */

/* Begin XCConfigurationList section */
		A7EE0A961ED361E800B09615 /* Build configuration list for PBXProject "PersonalFavs" */ = {
			isa = XCConfigurationList;
			buildConfigurations = (
				A7EE0AC41ED361E900B09615 /* Debug */,
				A7EE0AC51ED361E900B09615 /* Release */,
			);
			defaultConfigurationIsVisible = 0;
			defaultConfigurationName = Release;
		};
		A7EE0AC61ED361E900B09615 /* Build configuration list for PBXNativeTarget "PersonalFavs" */ = {
			isa = XCConfigurationList;
			buildConfigurations = (
				A7EE0AC71ED361E900B09615 /* Debug */,
				A7EE0AC81ED361E900B09615 /* Release */,
			);
			defaultConfigurationIsVisible = 0;
			defaultConfigurationName = Release;
		};
		A7EE0AC91ED361E900B09615 /* Build configuration list for PBXNativeTarget "PersonalFavsTests" */ = {
			isa = XCConfigurationList;
			buildConfigurations = (
				A7EE0ACA1ED361E900B09615 /* Debug */,
				A7EE0ACB1ED361E900B09615 /* Release */,
			);
			defaultConfigurationIsVisible = 0;
			defaultConfigurationName = Release;
		};
		A7EE0ACC1ED361E900B09615 /* Build configuration list for PBXNativeTarget "PersonalFavsUITests" */ = {
			isa = XCConfigurationList;
			buildConfigurations = (
				A7EE0ACD1ED361E900B09615 /* Debug */,
				A7EE0ACE1ED361E900B09615 /* Release */,
			);
			defaultConfigurationIsVisible = 0;
			defaultConfigurationName = Release;
		};
/* End XCConfigurationList section */

/* Begin XCVersionGroup section */
		A7EE0AA51ED361E900B09615 /* PersonalFavs.xcdatamodeld */ = {
			isa = XCVersionGroup;
			children = (
				A7EE0AA61ED361E900B09615 /* PersonalFavs.xcdatamodel */,
			);
			currentVersion = A7EE0AA61ED361E900B09615 /* PersonalFavs.xcdatamodel */;
			name = PersonalFavs.xcdatamodeld;
			path = ../../PersonalFavs.xcdatamodeld;
			sourceTree = "<group>";
			versionGroupType = wrapper.xcdatamodel;
		};
/* End XCVersionGroup section */
	};
	rootObject = A7EE0A931ED361E800B09615 /* Project object */;
}
